
Microsoft Visual Studio Solution File, Format Version 12.00
# Visual Studio Version 17
VisualStudioVersion = 17.8.34525.116
MinimumVisualStudioVersion = 10.0.40219.1
Project("{FAE04EC0-301F-11D3-BF4B-00C04F79EFBC}") = "KelimeEzberlemeSistemi", "KelimeEzberlemeSistemi\KelimeEzberlemeSistemi.csproj", "{77F7A0B7-DC7B-4942-8252-34BE9FB118E4}"
EndProject
Global
	GlobalSection(SolutionConfigurationPlatforms) = preSolution
		Debug|Any CPU = Debug|Any CPU
		Release|Any CPU = Release|Any CPU
	EndGlobalSection
	GlobalSection(ProjectConfigurationPlatforms) = postSolution
		{77F7A0B7-DC7B-4942-8252-34BE9FB118E4}.Debug|Any CPU.ActiveCfg = Debug|Any CPU
		{77F7A0B7-DC7B-4942-8252-34BE9FB118E4}.Debug|Any CPU.Build.0 = Debug|Any CPU
		{77F7A0B7-DC7B-4942-8252-34BE9FB118E4}.Release|Any CPU.ActiveCfg = Release|Any CPU
		{77F7A0B7-DC7B-4942-8252-34BE9FB118E4}.Release|Any CPU.Build.0 = Release|Any CPU
	EndGlobalSection
	GlobalSection(SolutionProperties) = preSolution
		HideSolutionNode = FALSE
	EndGlobalSection
	GlobalSection(ExtensibilityGlobals) = postSolution
		SolutionGuid = {EE32D0FD-B103-4709-9BEE-3D59BB995F8E}
	EndGlobalSection
EndGlobal
